// !$*UTF8*$!
{
	archiveVersion = 1;
	classes = {
	};
	objectVersion = 46;
	objects = {

/* Begin PBXBuildFile section */
		0699AFBD1BCF4802005464F2 /* libSuperpoweredAudioIOS.a in Frameworks */ = {isa = PBXBuildFile; fileRef = 0699AFB91BCF4802005464F2 /* libSuperpoweredAudioIOS.a */; };
		0699AFBE1BCF4802005464F2 /* SuperpoweredIOSAudioOutput.mm in Sources */ = {isa = PBXBuildFile; fileRef = 0699AFBC1BCF4802005464F2 /* SuperpoweredIOSAudioOutput.mm */; };
		06BA44441BCF4304000BA3C1 /* main.m in Sources */ = {isa = PBXBuildFile; fileRef = 06BA44431BCF4304000BA3C1 /* main.m */; };
		06BA44471BCF4304000BA3C1 /* AppDelegate.m in Sources */ = {isa = PBXBuildFile; fileRef = 06BA44461BCF4304000BA3C1 /* AppDelegate.m */; };
		06BA444A1BCF4304000BA3C1 /* ViewController.m in Sources */ = {isa = PBXBuildFile; fileRef = 06BA44491BCF4304000BA3C1 /* ViewController.m */; };
		06BA444D1BCF4304000BA3C1 /* Main.storyboard in Resources */ = {isa = PBXBuildFile; fileRef = 06BA444B1BCF4304000BA3C1 /* Main.storyboard */; };
		06BA444F1BCF4304000BA3C1 /* Images.xcassets in Resources */ = {isa = PBXBuildFile; fileRef = 06BA444E1BCF4304000BA3C1 /* Images.xcassets */; };
		06BA44521BCF4304000BA3C1 /* LaunchScreen.xib in Resources */ = {isa = PBXBuildFile; fileRef = 06BA44501BCF4304000BA3C1 /* LaunchScreen.xib */; };
		06BA445E1BCF4304000BA3C1 /* VoiceBoxTests.m in Sources */ = {isa = PBXBuildFile; fileRef = 06BA445D1BCF4304000BA3C1 /* VoiceBoxTests.m */; };
		06DC207B1BD0A13A00E1F16F /* BeanBrowserViewController.m in Sources */ = {isa = PBXBuildFile; fileRef = 06DC207A1BD0A13A00E1F16F /* BeanBrowserViewController.m */; };
		06E654351BCF486000F0B8CD /* CoreMedia.framework in Frameworks */ = {isa = PBXBuildFile; fileRef = 06E654341BCF486000F0B8CD /* CoreMedia.framework */; };
		06E654371BCF486900F0B8CD /* MediaPlayer.framework in Frameworks */ = {isa = PBXBuildFile; fileRef = 06E654361BCF486900F0B8CD /* MediaPlayer.framework */; };
		06E654391BCF487000F0B8CD /* AVFoundation.framework in Frameworks */ = {isa = PBXBuildFile; fileRef = 06E654381BCF487000F0B8CD /* AVFoundation.framework */; };
		06E6543B1BCF487800F0B8CD /* AudioToolbox.framework in Frameworks */ = {isa = PBXBuildFile; fileRef = 06E6543A1BCF487800F0B8CD /* AudioToolbox.framework */; };
		06E654401BCF4DB000F0B8CD /* SuperPowered.mm in Sources */ = {isa = PBXBuildFile; fileRef = 06E6543F1BCF4DB000F0B8CD /* SuperPowered.mm */; };
		6D71FF45CBC587CE66FDE528 /* libPods.a in Frameworks */ = {isa = PBXBuildFile; fileRef = 8131CC4CA890CE1C0F15FF24 /* libPods.a */; };
/* End PBXBuildFile section */

/* Begin PBXContainerItemProxy section */
		06BA44581BCF4304000BA3C1 /* PBXContainerItemProxy */ = {
			isa = PBXContainerItemProxy;
			containerPortal = 06BA44361BCF4304000BA3C1 /* Project object */;
			proxyType = 1;
			remoteGlobalIDString = 06BA443D1BCF4304000BA3C1;
			remoteInfo = VoiceBox;
		};
/* End PBXContainerItemProxy section */

/* Begin PBXFileReference section */
		0699AFB91BCF4802005464F2 /* libSuperpoweredAudioIOS.a */ = {isa = PBXFileReference; lastKnownFileType = archive.ar; name = libSuperpoweredAudioIOS.a; path = Superpowered/libSuperpoweredAudioIOS.a; sourceTree = "<group>"; };
		0699AFBA1BCF4802005464F2 /* SuperpoweredBandpassFilterbank.h */ = {isa = PBXFileReference; fileEncoding = 4; lastKnownFileType = sourcecode.c.h; name = SuperpoweredBandpassFilterbank.h; path = Superpowered/SuperpoweredBandpassFilterbank.h; sourceTree = "<group>"; };
		0699AFBB1BCF4802005464F2 /* SuperpoweredIOSAudioOutput.h */ = {isa = PBXFileReference; fileEncoding = 4; lastKnownFileType = sourcecode.c.h; name = SuperpoweredIOSAudioOutput.h; path = Superpowered/SuperpoweredIOSAudioOutput.h; sourceTree = "<group>"; };
		0699AFBC1BCF4802005464F2 /* SuperpoweredIOSAudioOutput.mm */ = {isa = PBXFileReference; fileEncoding = 4; lastKnownFileType = sourcecode.cpp.objcpp; name = SuperpoweredIOSAudioOutput.mm; path = Superpowered/SuperpoweredIOSAudioOutput.mm; sourceTree = "<group>"; };
		06BA443E1BCF4304000BA3C1 /* VoiceBox.app */ = {isa = PBXFileReference; explicitFileType = wrapper.application; includeInIndex = 0; path = VoiceBox.app; sourceTree = BUILT_PRODUCTS_DIR; };
		06BA44421BCF4304000BA3C1 /* Info.plist */ = {isa = PBXFileReference; lastKnownFileType = text.plist.xml; path = Info.plist; sourceTree = "<group>"; };
		06BA44431BCF4304000BA3C1 /* main.m */ = {isa = PBXFileReference; lastKnownFileType = sourcecode.c.objc; path = main.m; sourceTree = "<group>"; };
		06BA44451BCF4304000BA3C1 /* AppDelegate.h */ = {isa = PBXFileReference; lastKnownFileType = sourcecode.c.h; path = AppDelegate.h; sourceTree = "<group>"; };
		06BA44461BCF4304000BA3C1 /* AppDelegate.m */ = {isa = PBXFileReference; lastKnownFileType = sourcecode.c.objc; path = AppDelegate.m; sourceTree = "<group>"; };
		06BA44481BCF4304000BA3C1 /* ViewController.h */ = {isa = PBXFileReference; lastKnownFileType = sourcecode.c.h; path = ViewController.h; sourceTree = "<group>"; };
		06BA44491BCF4304000BA3C1 /* ViewController.m */ = {isa = PBXFileReference; lastKnownFileType = sourcecode.c.objc; path = ViewController.m; sourceTree = "<group>"; };
		06BA444C1BCF4304000BA3C1 /* Base */ = {isa = PBXFileReference; lastKnownFileType = file.storyboard; name = Base; path = Base.lproj/Main.storyboard; sourceTree = "<group>"; };
		06BA444E1BCF4304000BA3C1 /* Images.xcassets */ = {isa = PBXFileReference; lastKnownFileType = folder.assetcatalog; path = Images.xcassets; sourceTree = "<group>"; };
		06BA44511BCF4304000BA3C1 /* Base */ = {isa = PBXFileReference; lastKnownFileType = file.xib; name = Base; path = Base.lproj/LaunchScreen.xib; sourceTree = "<group>"; };
		06BA44571BCF4304000BA3C1 /* VoiceBoxTests.xctest */ = {isa = PBXFileReference; explicitFileType = wrapper.cfbundle; includeInIndex = 0; path = VoiceBoxTests.xctest; sourceTree = BUILT_PRODUCTS_DIR; };
		06BA445C1BCF4304000BA3C1 /* Info.plist */ = {isa = PBXFileReference; lastKnownFileType = text.plist.xml; path = Info.plist; sourceTree = "<group>"; };
		06BA445D1BCF4304000BA3C1 /* VoiceBoxTests.m */ = {isa = PBXFileReference; lastKnownFileType = sourcecode.c.objc; path = VoiceBoxTests.m; sourceTree = "<group>"; };
		06DC20791BD0A13A00E1F16F /* BeanBrowserViewController.h */ = {isa = PBXFileReference; fileEncoding = 4; lastKnownFileType = sourcecode.c.h; path = BeanBrowserViewController.h; sourceTree = "<group>"; };
		06DC207A1BD0A13A00E1F16F /* BeanBrowserViewController.m */ = {isa = PBXFileReference; fileEncoding = 4; lastKnownFileType = sourcecode.c.objc; path = BeanBrowserViewController.m; sourceTree = "<group>"; };
		06E654341BCF486000F0B8CD /* CoreMedia.framework */ = {isa = PBXFileReference; lastKnownFileType = wrapper.framework; name = CoreMedia.framework; path = System/Library/Frameworks/CoreMedia.framework; sourceTree = SDKROOT; };
		06E654361BCF486900F0B8CD /* MediaPlayer.framework */ = {isa = PBXFileReference; lastKnownFileType = wrapper.framework; name = MediaPlayer.framework; path = System/Library/Frameworks/MediaPlayer.framework; sourceTree = SDKROOT; };
		06E654381BCF487000F0B8CD /* AVFoundation.framework */ = {isa = PBXFileReference; lastKnownFileType = wrapper.framework; name = AVFoundation.framework; path = System/Library/Frameworks/AVFoundation.framework; sourceTree = SDKROOT; };
		06E6543A1BCF487800F0B8CD /* AudioToolbox.framework */ = {isa = PBXFileReference; lastKnownFileType = wrapper.framework; name = AudioToolbox.framework; path = System/Library/Frameworks/AudioToolbox.framework; sourceTree = SDKROOT; };
		06E6543F1BCF4DB000F0B8CD /* SuperPowered.mm */ = {isa = PBXFileReference; fileEncoding = 4; lastKnownFileType = sourcecode.cpp.objcpp; name = SuperPowered.mm; path = /Users/scottcheezem/Dev/VoiceBox/VoiceBox/SuperPowered.mm; sourceTree = "<absolute>"; };
		06E654411BCF4E0400F0B8CD /* SuperpoweredSimple.h */ = {isa = PBXFileReference; lastKnownFileType = sourcecode.c.h; name = SuperpoweredSimple.h; path = Superpowered/SuperpoweredSimple.h; sourceTree = "<group>"; };
		06E654421BCF4E5600F0B8CD /* SuperPowered.h */ = {isa = PBXFileReference; lastKnownFileType = sourcecode.c.h; path = SuperPowered.h; sourceTree = "<group>"; };
		8131CC4CA890CE1C0F15FF24 /* libPods.a */ = {isa = PBXFileReference; explicitFileType = archive.ar; includeInIndex = 0; path = libPods.a; sourceTree = BUILT_PRODUCTS_DIR; };
		A089D4AAC30B3D768089B015 /* Pods.release.xcconfig */ = {isa = PBXFileReference; includeInIndex = 1; lastKnownFileType = text.xcconfig; name = Pods.release.xcconfig; path = "Pods/Target Support Files/Pods/Pods.release.xcconfig"; sourceTree = "<group>"; };
		F42CCEA00071FE8327B5A487 /* Pods.debug.xcconfig */ = {isa = PBXFileReference; includeInIndex = 1; lastKnownFileType = text.xcconfig; name = Pods.debug.xcconfig; path = "Pods/Target Support Files/Pods/Pods.debug.xcconfig"; sourceTree = "<group>"; };
/* End PBXFileReference section */

/* Begin PBXFrameworksBuildPhase section */
		06BA443B1BCF4304000BA3C1 /* Frameworks */ = {
			isa = PBXFrameworksBuildPhase;
			buildActionMask = 2147483647;
			files = (
				06E6543B1BCF487800F0B8CD /* AudioToolbox.framework in Frameworks */,
				06E654391BCF487000F0B8CD /* AVFoundation.framework in Frameworks */,
				06E654371BCF486900F0B8CD /* MediaPlayer.framework in Frameworks */,
				06E654351BCF486000F0B8CD /* CoreMedia.framework in Frameworks */,
				6D71FF45CBC587CE66FDE528 /* libPods.a in Frameworks */,
				0699AFBD1BCF4802005464F2 /* libSuperpoweredAudioIOS.a in Frameworks */,
			);
			runOnlyForDeploymentPostprocessing = 0;
		};
		06BA44541BCF4304000BA3C1 /* Frameworks */ = {
			isa = PBXFrameworksBuildPhase;
			buildActionMask = 2147483647;
			files = (
			);
			runOnlyForDeploymentPostprocessing = 0;
		};
/* End PBXFrameworksBuildPhase section */

/* Begin PBXGroup section */
		0699AFBF1BCF4808005464F2 /* Superpowered */ = {
			isa = PBXGroup;
			children = (
				0699AFB91BCF4802005464F2 /* libSuperpoweredAudioIOS.a */,
				06E654411BCF4E0400F0B8CD /* SuperpoweredSimple.h */,
				0699AFBA1BCF4802005464F2 /* SuperpoweredBandpassFilterbank.h */,
				0699AFBB1BCF4802005464F2 /* SuperpoweredIOSAudioOutput.h */,
				0699AFBC1BCF4802005464F2 /* SuperpoweredIOSAudioOutput.mm */,
			);
			name = Superpowered;
			sourceTree = "<group>";
		};
		06BA44351BCF4304000BA3C1 = {
			isa = PBXGroup;
			children = (
				0699AFBF1BCF4808005464F2 /* Superpowered */,
				06BA44401BCF4304000BA3C1 /* VoiceBox */,
				06BA445A1BCF4304000BA3C1 /* VoiceBoxTests */,
				06BA443F1BCF4304000BA3C1 /* Products */,
				9A48F06F145EDE15DED635E4 /* Pods */,
				3F5827B0A20D53E152BFA9DE /* Frameworks */,
			);
			sourceTree = "<group>";
		};
		06BA443F1BCF4304000BA3C1 /* Products */ = {
			isa = PBXGroup;
			children = (
				06BA443E1BCF4304000BA3C1 /* VoiceBox.app */,
				06BA44571BCF4304000BA3C1 /* VoiceBoxTests.xctest */,
			);
			name = Products;
			sourceTree = "<group>";
		};
		06BA44401BCF4304000BA3C1 /* VoiceBox */ = {
			isa = PBXGroup;
			children = (
				06E6543F1BCF4DB000F0B8CD /* SuperPowered.mm */,
				06E654421BCF4E5600F0B8CD /* SuperPowered.h */,
				06BA44451BCF4304000BA3C1 /* AppDelegate.h */,
				06BA44461BCF4304000BA3C1 /* AppDelegate.m */,
				06BA44481BCF4304000BA3C1 /* ViewController.h */,
				06BA44491BCF4304000BA3C1 /* ViewController.m */,
				06DC20791BD0A13A00E1F16F /* BeanBrowserViewController.h */,
				06DC207A1BD0A13A00E1F16F /* BeanBrowserViewController.m */,
				06BA444B1BCF4304000BA3C1 /* Main.storyboard */,
				06BA444E1BCF4304000BA3C1 /* Images.xcassets */,
				06BA44501BCF4304000BA3C1 /* LaunchScreen.xib */,
				06BA44411BCF4304000BA3C1 /* Supporting Files */,
			);
			path = VoiceBox;
			sourceTree = "<group>";
		};
		06BA44411BCF4304000BA3C1 /* Supporting Files */ = {
			isa = PBXGroup;
			children = (
				06BA44421BCF4304000BA3C1 /* Info.plist */,
				06BA44431BCF4304000BA3C1 /* main.m */,
			);
			name = "Supporting Files";
			sourceTree = "<group>";
		};
		06BA445A1BCF4304000BA3C1 /* VoiceBoxTests */ = {
			isa = PBXGroup;
			children = (
				06BA445D1BCF4304000BA3C1 /* VoiceBoxTests.m */,
				06BA445B1BCF4304000BA3C1 /* Supporting Files */,
			);
			path = VoiceBoxTests;
			sourceTree = "<group>";
		};
		06BA445B1BCF4304000BA3C1 /* Supporting Files */ = {
			isa = PBXGroup;
			children = (
				06BA445C1BCF4304000BA3C1 /* Info.plist */,
			);
			name = "Supporting Files";
			sourceTree = "<group>";
		};
		3F5827B0A20D53E152BFA9DE /* Frameworks */ = {
			isa = PBXGroup;
			children = (
				06E6543A1BCF487800F0B8CD /* AudioToolbox.framework */,
				06E654381BCF487000F0B8CD /* AVFoundation.framework */,
				06E654361BCF486900F0B8CD /* MediaPlayer.framework */,
				06E654341BCF486000F0B8CD /* CoreMedia.framework */,
				8131CC4CA890CE1C0F15FF24 /* libPods.a */,
			);
			name = Frameworks;
			sourceTree = "<group>";
		};
		9A48F06F145EDE15DED635E4 /* Pods */ = {
			isa = PBXGroup;
			children = (
				F42CCEA00071FE8327B5A487 /* Pods.debug.xcconfig */,
				A089D4AAC30B3D768089B015 /* Pods.release.xcconfig */,
			);
			name = Pods;
			sourceTree = "<group>";
		};
/* End PBXGroup section */

/* Begin PBXNativeTarget section */
		06BA443D1BCF4304000BA3C1 /* VoiceBox */ = {
			isa = PBXNativeTarget;
			buildConfigurationList = 06BA44611BCF4304000BA3C1 /* Build configuration list for PBXNativeTarget "VoiceBox" */;
			buildPhases = (
				375FD1502CA875CADD134683 /* Check Pods Manifest.lock */,
				06BA443A1BCF4304000BA3C1 /* Sources */,
				06BA443B1BCF4304000BA3C1 /* Frameworks */,
				06BA443C1BCF4304000BA3C1 /* Resources */,
				C2F729BEB0EACB2F8BFE758E /* Copy Pods Resources */,
			);
			buildRules = (
			);
			dependencies = (
			);
			name = VoiceBox;
			productName = VoiceBox;
			productReference = 06BA443E1BCF4304000BA3C1 /* VoiceBox.app */;
			productType = "com.apple.product-type.application";
		};
		06BA44561BCF4304000BA3C1 /* VoiceBoxTests */ = {
			isa = PBXNativeTarget;
			buildConfigurationList = 06BA44641BCF4304000BA3C1 /* Build configuration list for PBXNativeTarget "VoiceBoxTests" */;
			buildPhases = (
				06BA44531BCF4304000BA3C1 /* Sources */,
				06BA44541BCF4304000BA3C1 /* Frameworks */,
				06BA44551BCF4304000BA3C1 /* Resources */,
			);
			buildRules = (
			);
			dependencies = (
				06BA44591BCF4304000BA3C1 /* PBXTargetDependency */,
			);
			name = VoiceBoxTests;
			productName = VoiceBoxTests;
			productReference = 06BA44571BCF4304000BA3C1 /* VoiceBoxTests.xctest */;
			productType = "com.apple.product-type.bundle.unit-test";
		};
/* End PBXNativeTarget section */

/* Begin PBXProject section */
		06BA44361BCF4304000BA3C1 /* Project object */ = {
			isa = PBXProject;
			attributes = {
				LastUpgradeCheck = 0640;
				ORGANIZATIONNAME = "Scott Cheezem";
				TargetAttributes = {
					06BA443D1BCF4304000BA3C1 = {
						CreatedOnToolsVersion = 6.4;
					};
					06BA44561BCF4304000BA3C1 = {
						CreatedOnToolsVersion = 6.4;
						TestTargetID = 06BA443D1BCF4304000BA3C1;
					};
				};
			};
			buildConfigurationList = 06BA44391BCF4304000BA3C1 /* Build configuration list for PBXProject "VoiceBox" */;
			compatibilityVersion = "Xcode 3.2";
			developmentRegion = English;
			hasScannedForEncodings = 0;
			knownRegions = (
				en,
				Base,
			);
			mainGroup = 06BA44351BCF4304000BA3C1;
			productRefGroup = 06BA443F1BCF4304000BA3C1 /* Products */;
			projectDirPath = "";
			projectRoot = "";
			targets = (
				06BA443D1BCF4304000BA3C1 /* VoiceBox */,
				06BA44561BCF4304000BA3C1 /* VoiceBoxTests */,
			);
		};
/* End PBXProject section */

/* Begin PBXResourcesBuildPhase section */
		06BA443C1BCF4304000BA3C1 /* Resources */ = {
			isa = PBXResourcesBuildPhase;
			buildActionMask = 2147483647;
			files = (
				06BA444D1BCF4304000BA3C1 /* Main.storyboard in Resources */,
				06BA44521BCF4304000BA3C1 /* LaunchScreen.xib in Resources */,
				06BA444F1BCF4304000BA3C1 /* Images.xcassets in Resources */,
			);
			runOnlyForDeploymentPostprocessing = 0;
		};
		06BA44551BCF4304000BA3C1 /* Resources */ = {
			isa = PBXResourcesBuildPhase;
			buildActionMask = 2147483647;
			files = (
			);
			runOnlyForDeploymentPostprocessing = 0;
		};
/* End PBXResourcesBuildPhase section */

/* Begin PBXShellScriptBuildPhase section */
		375FD1502CA875CADD134683 /* Check Pods Manifest.lock */ = {
			isa = PBXShellScriptBuildPhase;
			buildActionMask = 2147483647;
			files = (
			);
			inputPaths = (
			);
			name = "Check Pods Manifest.lock";
			outputPaths = (
			);
			runOnlyForDeploymentPostprocessing = 0;
			shellPath = /bin/sh;
			shellScript = "diff \"${PODS_ROOT}/../Podfile.lock\" \"${PODS_ROOT}/Manifest.lock\" > /dev/null\nif [[ $? != 0 ]] ; then\n    cat << EOM\nerror: The sandbox is not in sync with the Podfile.lock. Run 'pod install' or update your CocoaPods installation.\nEOM\n    exit 1\nfi\n";
			showEnvVarsInLog = 0;
		};
		C2F729BEB0EACB2F8BFE758E /* Copy Pods Resources */ = {
			isa = PBXShellScriptBuildPhase;
			buildActionMask = 2147483647;
			files = (
			);
			inputPaths = (
			);
			name = "Copy Pods Resources";
			outputPaths = (
			);
			runOnlyForDeploymentPostprocessing = 0;
			shellPath = /bin/sh;
			shellScript = "\"${SRCROOT}/Pods/Target Support Files/Pods/Pods-resources.sh\"\n";
			showEnvVarsInLog = 0;
		};
/* End PBXShellScriptBuildPhase section */

/* Begin PBXSourcesBuildPhase section */
		06BA443A1BCF4304000BA3C1 /* Sources */ = {
			isa = PBXSourcesBuildPhase;
			buildActionMask = 2147483647;
			files = (
				0699AFBE1BCF4802005464F2 /* SuperpoweredIOSAudioOutput.mm in Sources */,
				06DC207B1BD0A13A00E1F16F /* BeanBrowserViewController.m in Sources */,
				06BA444A1BCF4304000BA3C1 /* ViewController.m in Sources */,
				06E654401BCF4DB000F0B8CD /* SuperPowered.mm in Sources */,
				06BA44471BCF4304000BA3C1 /* AppDelegate.m in Sources */,
				06BA44441BCF4304000BA3C1 /* main.m in Sources */,
			);
			runOnlyForDeploymentPostprocessing = 0;
		};
		06BA44531BCF4304000BA3C1 /* Sources */ = {
			isa = PBXSourcesBuildPhase;
			buildActionMask = 2147483647;
			files = (
				06BA445E1BCF4304000BA3C1 /* VoiceBoxTests.m in Sources */,
			);
			runOnlyForDeploymentPostprocessing = 0;
		};
/* End PBXSourcesBuildPhase section */

/* Begin PBXTargetDependency section */
		06BA44591BCF4304000BA3C1 /* PBXTargetDependency */ = {
			isa = PBXTargetDependency;
			target = 06BA443D1BCF4304000BA3C1 /* VoiceBox */;
			targetProxy = 06BA44581BCF4304000BA3C1 /* PBXContainerItemProxy */;
		};
/* End PBXTargetDependency section */

/* Begin PBXVariantGroup section */
		06BA444B1BCF4304000BA3C1 /* Main.storyboard */ = {
			isa = PBXVariantGroup;
			children = (
				06BA444C1BCF4304000BA3C1 /* Base */,
			);
			name = Main.storyboard;
			sourceTree = "<group>";
		};
		06BA44501BCF4304000BA3C1 /* LaunchScreen.xib */ = {
			isa = PBXVariantGroup;
			children = (
				06BA44511BCF4304000BA3C1 /* Base */,
			);
			name = LaunchScreen.xib;
			sourceTree = "<group>";
		};
/* End PBXVariantGroup section */

/* Begin XCBuildConfiguration section */
		06BA445F1BCF4304000BA3C1 /* Debug */ = {
			isa = XCBuildConfiguration;
			buildSettings = {
				ALWAYS_SEARCH_USER_PATHS = NO;
				CLANG_CXX_LANGUAGE_STANDARD = "gnu++0x";
				CLANG_CXX_LIBRARY = "libc++";
				CLANG_ENABLE_MODULES = YES;
				CLANG_ENABLE_OBJC_ARC = YES;
				CLANG_WARN_BOOL_CONVERSION = YES;
				CLANG_WARN_CONSTANT_CONVERSION = YES;
				CLANG_WARN_DIRECT_OBJC_ISA_USAGE = YES_ERROR;
				CLANG_WARN_EMPTY_BODY = YES;
				CLANG_WARN_ENUM_CONVERSION = YES;
				CLANG_WARN_INT_CONVERSION = YES;
				CLANG_WARN_OBJC_ROOT_CLASS = YES_ERROR;
				CLANG_WARN_UNREACHABLE_CODE = YES;
				CLANG_WARN__DUPLICATE_METHOD_MATCH = YES;
				"CODE_SIGN_IDENTITY[sdk=iphoneos*]" = "iPhone Developer";
				COPY_PHASE_STRIP = NO;
				DEBUG_INFORMATION_FORMAT = "dwarf-with-dsym";
				ENABLE_STRICT_OBJC_MSGSEND = YES;
				GCC_C_LANGUAGE_STANDARD = gnu99;
				GCC_DYNAMIC_NO_PIC = NO;
				GCC_NO_COMMON_BLOCKS = YES;
				GCC_OPTIMIZATION_LEVEL = 0;
				GCC_PREPROCESSOR_DEFINITIONS = (
					"DEBUG=1",
					"$(inherited)",
				);
				GCC_SYMBOLS_PRIVATE_EXTERN = NO;
				GCC_WARN_64_TO_32_BIT_CONVERSION = YES;
				GCC_WARN_ABOUT_RETURN_TYPE = YES_ERROR;
				GCC_WARN_UNDECLARED_SELECTOR = YES;
				GCC_WARN_UNINITIALIZED_AUTOS = YES_AGGRESSIVE;
				GCC_WARN_UNUSED_FUNCTION = YES;
				GCC_WARN_UNUSED_VARIABLE = YES;
				IPHONEOS_DEPLOYMENT_TARGET = 8.4;
				MTL_ENABLE_DEBUG_INFO = YES;
				ONLY_ACTIVE_ARCH = YES;
				SDKROOT = iphoneos;
				TARGETED_DEVICE_FAMILY = "1,2";
			};
			name = Debug;
		};
		06BA44601BCF4304000BA3C1 /* Release */ = {
			isa = XCBuildConfiguration;
			buildSettings = {
				ALWAYS_SEARCH_USER_PATHS = NO;
				CLANG_CXX_LANGUAGE_STANDARD = "gnu++0x";
				CLANG_CXX_LIBRARY = "libc++";
				CLANG_ENABLE_MODULES = YES;
				CLANG_ENABLE_OBJC_ARC = YES;
				CLANG_WARN_BOOL_CONVERSION = YES;
				CLANG_WARN_CONSTANT_CONVERSION = YES;
				CLANG_WARN_DIRECT_OBJC_ISA_USAGE = YES_ERROR;
				CLANG_WARN_EMPTY_BODY = YES;
				CLANG_WARN_ENUM_CONVERSION = YES;
				CLANG_WARN_INT_CONVERSION = YES;
				CLANG_WARN_OBJC_ROOT_CLASS = YES_ERROR;
				CLANG_WARN_UNREACHABLE_CODE = YES;
				CLANG_WARN__DUPLICATE_METHOD_MATCH = YES;
				"CODE_SIGN_IDENTITY[sdk=iphoneos*]" = "iPhone Developer";
				COPY_PHASE_STRIP = NO;
				DEBUG_INFORMATION_FORMAT = "dwarf-with-dsym";
				ENABLE_NS_ASSERTIONS = NO;
				ENABLE_STRICT_OBJC_MSGSEND = YES;
				GCC_C_LANGUAGE_STANDARD = gnu99;
				GCC_NO_COMMON_BLOCKS = YES;
				GCC_WARN_64_TO_32_BIT_CONVERSION = YES;
				GCC_WARN_ABOUT_RETURN_TYPE = YES_ERROR;
				GCC_WARN_UNDECLARED_SELECTOR = YES;
				GCC_WARN_UNINITIALIZED_AUTOS = YES_AGGRESSIVE;
				GCC_WARN_UNUSED_FUNCTION = YES;
				GCC_WARN_UNUSED_VARIABLE = YES;
				IPHONEOS_DEPLOYMENT_TARGET = 8.4;
				MTL_ENABLE_DEBUG_INFO = NO;
				SDKROOT = iphoneos;
				TARGETED_DEVICE_FAMILY = "1,2";
				VALIDATE_PRODUCT = YES;
			};
			name = Release;
		};
		06BA44621BCF4304000BA3C1 /* Debug */ = {
			isa = XCBuildConfiguration;
			baseConfigurationReference = F42CCEA00071FE8327B5A487 /* Pods.debug.xcconfig */;
			buildSettings = {
				ASSETCATALOG_COMPILER_APPICON_NAME = AppIcon;
				INFOPLIST_FILE = VoiceBox/Info.plist;
				LD_RUNPATH_SEARCH_PATHS = "$(inherited) @executable_path/Frameworks";
				LIBRARY_SEARCH_PATHS = (
					"$(inherited)",
					"$(PROJECT_DIR)/Superpowered",
				);
				PRODUCT_NAME = "$(TARGET_NAME)";
			};
			name = Debug;
		};
		06BA44631BCF4304000BA3C1 /* Release */ = {
			isa = XCBuildConfiguration;
			baseConfigurationReference = A089D4AAC30B3D768089B015 /* Pods.release.xcconfig */;
			buildSettings = {
				ASSETCATALOG_COMPILER_APPICON_NAME = AppIcon;
				INFOPLIST_FILE = VoiceBox/Info.plist;
				LD_RUNPATH_SEARCH_PATHS = "$(inherited) @executable_path/Frameworks";
				LIBRARY_SEARCH_PATHS = (
					"$(inherited)",
					"$(PROJECT_DIR)/Superpowered",
				);
				PRODUCT_NAME = "$(TARGET_NAME)";
			};
			name = Release;
		};
		06BA44651BCF4304000BA3C1 /* Debug */ = {
			isa = XCBuildConfiguration;
			buildSettings = {
				BUNDLE_LOADER = "$(TEST_HOST)";
				FRAMEWORK_SEARCH_PATHS = (
					"$(SDKROOT)/Developer/Library/Frameworks",
					"$(inherited)",
				);
				GCC_PREPROCESSOR_DEFINITIONS = (
					"DEBUG=1",
					"$(inherited)",
				);
				INFOPLIST_FILE = VoiceBoxTests/Info.plist;
				LD_RUNPATH_SEARCH_PATHS = "$(inherited) @executable_path/Frameworks @loader_path/Frameworks";
				PRODUCT_NAME = "$(TARGET_NAME)";
				TEST_HOST = "$(BUILT_PRODUCTS_DIR)/VoiceBox.app/VoiceBox";
			};
			name = Debug;
		};
		06BA44661BCF4304000BA3C1 /* Release */ = {
			isa = XCBuildConfiguration;
			buildSettings = {
				BUNDLE_LOADER = "$(TEST_HOST)";
				FRAMEWORK_SEARCH_PATHS = (
					"$(SDKROOT)/Developer/Library/Frameworks",
					"$(inherited)",
				);
				INFOPLIST_FILE = VoiceBoxTests/Info.plist;
				LD_RUNPATH_SEARCH_PATHS = "$(inherited) @executable_path/Frameworks @loader_path/Frameworks";
				PRODUCT_NAME = "$(TARGET_NAME)";
				TEST_HOST = "$(BUILT_PRODUCTS_DIR)/VoiceBox.app/VoiceBox";
			};
			name = Release;
		};
/* End XCBuildConfiguration section */

/* Begin XCConfigurationList section */
		06BA44391BCF4304000BA3C1 /* Build configuration list for PBXProject "VoiceBox" */ = {
			isa = XCConfigurationList;
			buildConfigurations = (
				06BA445F1BCF4304000BA3C1 /* Debug */,
				06BA44601BCF4304000BA3C1 /* Release */,
			);
			defaultConfigurationIsVisible = 0;
			defaultConfigurationName = Release;
		};
		06BA44611BCF4304000BA3C1 /* Build configuration list for PBXNativeTarget "VoiceBox" */ = {
			isa = XCConfigurationList;
			buildConfigurations = (
				06BA44621BCF4304000BA3C1 /* Debug */,
				06BA44631BCF4304000BA3C1 /* Release */,
			);
			defaultConfigurationIsVisible = 0;
			defaultConfigurationName = Release;
		};
		06BA44641BCF4304000BA3C1 /* Build configuration list for PBXNativeTarget "VoiceBoxTests" */ = {
			isa = XCConfigurationList;
			buildConfigurations = (
				06BA44651BCF4304000BA3C1 /* Debug */,
				06BA44661BCF4304000BA3C1 /* Release */,
			);
			defaultConfigurationIsVisible = 0;
			defaultConfigurationName = Release;
		};
/* End XCConfigurationList section */
	};
	rootObject = 06BA44361BCF4304000BA3C1 /* Project object */;
}
